// !$*UTF8*$!
{
	archiveVersion = 1;
	classes = {
	};
	objectVersion = 50;
	objects = {

/* Begin PBXBuildFile section */
		B5238689258BEFF200A13289 /* DataProtocol.swift in Sources */ = {isa = PBXBuildFile; fileRef = B5238688258BEFF200A13289 /* DataProtocol.swift */; };
		B523868C258BF9ED00A13289 /* DefaultDataManager.swift in Sources */ = {isa = PBXBuildFile; fileRef = B523868B258BF9ED00A13289 /* DefaultDataManager.swift */; };
		B523868F258CAF0C00A13289 /* UpdateUIProtocol.swift in Sources */ = {isa = PBXBuildFile; fileRef = B523868E258CAF0C00A13289 /* UpdateUIProtocol.swift */; };
		B52FB4EA25879BCC003BAFFB /* ItemCell.swift in Sources */ = {isa = PBXBuildFile; fileRef = B52FB4E925879BCC003BAFFB /* ItemCell.swift */; };
		B5BA420F25869BF2007FC720 /* AppDelegate.swift in Sources */ = {isa = PBXBuildFile; fileRef = B5BA420E25869BF2007FC720 /* AppDelegate.swift */; };
		B5BA421125869BF2007FC720 /* SceneDelegate.swift in Sources */ = {isa = PBXBuildFile; fileRef = B5BA421025869BF2007FC720 /* SceneDelegate.swift */; };
		B5BA421325869BF2007FC720 /* MainScreenController.swift in Sources */ = {isa = PBXBuildFile; fileRef = B5BA421225869BF2007FC720 /* MainScreenController.swift */; };
		B5BA421625869BF2007FC720 /* Main.storyboard in Resources */ = {isa = PBXBuildFile; fileRef = B5BA421425869BF2007FC720 /* Main.storyboard */; };
		B5BA421825869BF7007FC720 /* Assets.xcassets in Resources */ = {isa = PBXBuildFile; fileRef = B5BA421725869BF7007FC720 /* Assets.xcassets */; };
		B5BA421B25869BF7007FC720 /* LaunchScreen.storyboard in Resources */ = {isa = PBXBuildFile; fileRef = B5BA421925869BF7007FC720 /* LaunchScreen.storyboard */; };
		B5BA422B25869EC1007FC720 /* Item.swift in Sources */ = {isa = PBXBuildFile; fileRef = B5BA422A25869EC1007FC720 /* Item.swift */; };
		B5BA42322586C314007FC720 /* AddItemViewController.swift in Sources */ = {isa = PBXBuildFile; fileRef = B5BA42312586C314007FC720 /* AddItemViewController.swift */; };
		B5E596B72589742500BE7795 /* Items.plist in Resources */ = {isa = PBXBuildFile; fileRef = B5E596B62589742400BE7795 /* Items.plist */; };
/* End PBXBuildFile section */

/* Begin PBXFileReference section */
		B5238688258BEFF200A13289 /* DataProtocol.swift */ = {isa = PBXFileReference; lastKnownFileType = sourcecode.swift; path = DataProtocol.swift; sourceTree = "<group>"; };
		B523868B258BF9ED00A13289 /* DefaultDataManager.swift */ = {isa = PBXFileReference; lastKnownFileType = sourcecode.swift; path = DefaultDataManager.swift; sourceTree = "<group>"; };
		B523868E258CAF0C00A13289 /* UpdateUIProtocol.swift */ = {isa = PBXFileReference; lastKnownFileType = sourcecode.swift; path = UpdateUIProtocol.swift; sourceTree = "<group>"; };
		B52FB4E925879BCC003BAFFB /* ItemCell.swift */ = {isa = PBXFileReference; lastKnownFileType = sourcecode.swift; path = ItemCell.swift; sourceTree = "<group>"; };
		B5BA420B25869BF2007FC720 /* Costey.app */ = {isa = PBXFileReference; explicitFileType = wrapper.application; includeInIndex = 0; path = Costey.app; sourceTree = BUILT_PRODUCTS_DIR; };
		B5BA420E25869BF2007FC720 /* AppDelegate.swift */ = {isa = PBXFileReference; lastKnownFileType = sourcecode.swift; path = AppDelegate.swift; sourceTree = "<group>"; };
		B5BA421025869BF2007FC720 /* SceneDelegate.swift */ = {isa = PBXFileReference; lastKnownFileType = sourcecode.swift; path = SceneDelegate.swift; sourceTree = "<group>"; };
		B5BA421225869BF2007FC720 /* MainScreenController.swift */ = {isa = PBXFileReference; lastKnownFileType = sourcecode.swift; path = MainScreenController.swift; sourceTree = "<group>"; };
		B5BA421525869BF2007FC720 /* Base */ = {isa = PBXFileReference; lastKnownFileType = file.storyboard; name = Base; path = Base.lproj/Main.storyboard; sourceTree = "<group>"; };
		B5BA421725869BF7007FC720 /* Assets.xcassets */ = {isa = PBXFileReference; lastKnownFileType = folder.assetcatalog; path = Assets.xcassets; sourceTree = "<group>"; };
		B5BA421A25869BF7007FC720 /* Base */ = {isa = PBXFileReference; lastKnownFileType = file.storyboard; name = Base; path = Base.lproj/LaunchScreen.storyboard; sourceTree = "<group>"; };
		B5BA421C25869BF7007FC720 /* Info.plist */ = {isa = PBXFileReference; lastKnownFileType = text.plist.xml; path = Info.plist; sourceTree = "<group>"; };
		B5BA422A25869EC1007FC720 /* Item.swift */ = {isa = PBXFileReference; lastKnownFileType = sourcecode.swift; path = Item.swift; sourceTree = "<group>"; };
		B5BA42312586C314007FC720 /* AddItemViewController.swift */ = {isa = PBXFileReference; lastKnownFileType = sourcecode.swift; path = AddItemViewController.swift; sourceTree = "<group>"; };
		B5E596B62589742400BE7795 /* Items.plist */ = {isa = PBXFileReference; lastKnownFileType = text.plist.xml; path = Items.plist; sourceTree = "<group>"; };
/* End PBXFileReference section */

/* Begin PBXFrameworksBuildPhase section */
		B5BA420825869BF2007FC720 /* Frameworks */ = {
			isa = PBXFrameworksBuildPhase;
			buildActionMask = 2147483647;
			files = (
			);
			runOnlyForDeploymentPostprocessing = 0;
		};
/* End PBXFrameworksBuildPhase section */

/* Begin PBXGroup section */
		B5BA420225869BF2007FC720 = {
			isa = PBXGroup;
			children = (
				B5BA420D25869BF2007FC720 /* Costey */,
				B5BA420C25869BF2007FC720 /* Products */,
			);
			sourceTree = "<group>";
		};
		B5BA420C25869BF2007FC720 /* Products */ = {
			isa = PBXGroup;
			children = (
				B5BA420B25869BF2007FC720 /* Costey.app */,
			);
			name = Products;
			sourceTree = "<group>";
		};
		B5BA420D25869BF2007FC720 /* Costey */ = {
			isa = PBXGroup;
			children = (
				B5BA420E25869BF2007FC720 /* AppDelegate.swift */,
				B5BA421025869BF2007FC720 /* SceneDelegate.swift */,
				B5BA421225869BF2007FC720 /* MainScreenController.swift */,
				B52FB4E925879BCC003BAFFB /* ItemCell.swift */,
				B5BA421425869BF2007FC720 /* Main.storyboard */,
				B5E596B62589742400BE7795 /* Items.plist */,
				B5BA42312586C314007FC720 /* AddItemViewController.swift */,
				B5BA422A25869EC1007FC720 /* Item.swift */,
				B5BA421725869BF7007FC720 /* Assets.xcassets */,
				B5BA421925869BF7007FC720 /* LaunchScreen.storyboard */,
				B5BA421C25869BF7007FC720 /* Info.plist */,
				B5238688258BEFF200A13289 /* DataProtocol.swift */,
				B523868B258BF9ED00A13289 /* DefaultDataManager.swift */,
				B523868E258CAF0C00A13289 /* UpdateUIProtocol.swift */,
			);
			path = Costey;
			sourceTree = "<group>";
		};
/* End PBXGroup section */

/* Begin PBXNativeTarget section */
		B5BA420A25869BF2007FC720 /* Costey */ = {
			isa = PBXNativeTarget;
			buildConfigurationList = B5BA421F25869BF7007FC720 /* Build configuration list for PBXNativeTarget "Costey" */;
			buildPhases = (
				B5BA420725869BF2007FC720 /* Sources */,
				B5BA420825869BF2007FC720 /* Frameworks */,
				B5BA420925869BF2007FC720 /* Resources */,
			);
			buildRules = (
			);
			dependencies = (
			);
			name = Costey;
			productName = Costey;
			productReference = B5BA420B25869BF2007FC720 /* Costey.app */;
			productType = "com.apple.product-type.application";
		};
/* End PBXNativeTarget section */

/* Begin PBXProject section */
		B5BA420325869BF2007FC720 /* Project object */ = {
			isa = PBXProject;
			attributes = {
				LastSwiftUpdateCheck = 1220;
				LastUpgradeCheck = 1220;
				TargetAttributes = {
					B5BA420A25869BF2007FC720 = {
						CreatedOnToolsVersion = 12.2;
					};
				};
			};
			buildConfigurationList = B5BA420625869BF2007FC720 /* Build configuration list for PBXProject "Costey" */;
			compatibilityVersion = "Xcode 9.3";
			developmentRegion = en;
			hasScannedForEncodings = 0;
			knownRegions = (
				en,
				Base,
			);
			mainGroup = B5BA420225869BF2007FC720;
			productRefGroup = B5BA420C25869BF2007FC720 /* Products */;
			projectDirPath = "";
			projectRoot = "";
			targets = (
				B5BA420A25869BF2007FC720 /* Costey */,
			);
		};
/* End PBXProject section */

/* Begin PBXResourcesBuildPhase section */
		B5BA420925869BF2007FC720 /* Resources */ = {
			isa = PBXResourcesBuildPhase;
			buildActionMask = 2147483647;
			files = (
				B5BA421B25869BF7007FC720 /* LaunchScreen.storyboard in Resources */,
				B5BA421825869BF7007FC720 /* Assets.xcassets in Resources */,
				B5BA421625869BF2007FC720 /* Main.storyboard in Resources */,
				B5E596B72589742500BE7795 /* Items.plist in Resources */,
			);
			runOnlyForDeploymentPostprocessing = 0;
		};
/* End PBXResourcesBuildPhase section */

/* Begin PBXSourcesBuildPhase section */
		B5BA420725869BF2007FC720 /* Sources */ = {
			isa = PBXSourcesBuildPhase;
			buildActionMask = 2147483647;
			files = (
				B5BA421325869BF2007FC720 /* MainScreenController.swift in Sources */,
				B5BA420F25869BF2007FC720 /* AppDelegate.swift in Sources */,
				B5BA422B25869EC1007FC720 /* Item.swift in Sources */,
				B5BA421125869BF2007FC720 /* SceneDelegate.swift in Sources */,
				B5BA42322586C314007FC720 /* AddItemViewController.swift in Sources */,
				B523868C258BF9ED00A13289 /* DefaultDataManager.swift in Sources */,
				B523868F258CAF0C00A13289 /* UpdateUIProtocol.swift in Sources */,
				B5238689258BEFF200A13289 /* DataProtocol.swift in Sources */,
				B52FB4EA25879BCC003BAFFB /* ItemCell.swift in Sources */,
			);
			runOnlyForDeploymentPostprocessing = 0;
		};
/* End PBXSourcesBuildPhase section */

/* Begin PBXVariantGroup section */
		B5BA421425869BF2007FC720 /* Main.storyboard */ = {
			isa = PBXVariantGroup;
			children = (
				B5BA421525869BF2007FC720 /* Base */,
			);
			name = Main.storyboard;
			sourceTree = "<group>";
		};
		B5BA421925869BF7007FC720 /* LaunchScreen.storyboard */ = {
			isa = PBXVariantGroup;
			children = (
				B5BA421A25869BF7007FC720 /* Base */,
			);
			name = LaunchScreen.storyboard;
			sourceTree = "<group>";
		};
/* End PBXVariantGroup section */

/* Begin XCBuildConfiguration section */
		B5BA421D25869BF7007FC720 /* Debug */ = {
			isa = XCBuildConfiguration;
			buildSettings = {
				ALWAYS_SEARCH_USER_PATHS = NO;
				CLANG_ANALYZER_NONNULL = YES;
				CLANG_ANALYZER_NUMBER_OBJECT_CONVERSION = YES_AGGRESSIVE;
				CLANG_CXX_LANGUAGE_STANDARD = "gnu++14";
				CLANG_CXX_LIBRARY = "libc++";
				CLANG_ENABLE_MODULES = YES;
				CLANG_ENABLE_OBJC_ARC = YES;
				CLANG_ENABLE_OBJC_WEAK = YES;
				CLANG_WARN_BLOCK_CAPTURE_AUTORELEASING = YES;
				CLANG_WARN_BOOL_CONVERSION = YES;
				CLANG_WARN_COMMA = YES;
				CLANG_WARN_CONSTANT_CONVERSION = YES;
				CLANG_WARN_DEPRECATED_OBJC_IMPLEMENTATIONS = YES;
				CLANG_WARN_DIRECT_OBJC_ISA_USAGE = YES_ERROR;
				CLANG_WARN_DOCUMENTATION_COMMENTS = YES;
				CLANG_WARN_EMPTY_BODY = YES;
				CLANG_WARN_ENUM_CONVERSION = YES;
				CLANG_WARN_INFINITE_RECURSION = YES;
				CLANG_WARN_INT_CONVERSION = YES;
				CLANG_WARN_NON_LITERAL_NULL_CONVERSION = YES;
				CLANG_WARN_OBJC_IMPLICIT_RETAIN_SELF = YES;
				CLANG_WARN_OBJC_LITERAL_CONVERSION = YES;
				CLANG_WARN_OBJC_ROOT_CLASS = YES_ERROR;
				CLANG_WARN_QUOTED_INCLUDE_IN_FRAMEWORK_HEADER = YES;
				CLANG_WARN_RANGE_LOOP_ANALYSIS = YES;
				CLANG_WARN_STRICT_PROTOTYPES = YES;
				CLANG_WARN_SUSPICIOUS_MOVE = YES;
				CLANG_WARN_UNGUARDED_AVAILABILITY = YES_AGGRESSIVE;
				CLANG_WARN_UNREACHABLE_CODE = YES;
				CLANG_WARN__DUPLICATE_METHOD_MATCH = YES;
				COPY_PHASE_STRIP = NO;
				DEBUG_INFORMATION_FORMAT = dwarf;
				ENABLE_STRICT_OBJC_MSGSEND = YES;
				ENABLE_TESTABILITY = YES;
				GCC_C_LANGUAGE_STANDARD = gnu11;
				GCC_DYNAMIC_NO_PIC = NO;
				GCC_NO_COMMON_BLOCKS = YES;
				GCC_OPTIMIZATION_LEVEL = 0;
				GCC_PREPROCESSOR_DEFINITIONS = (
					"DEBUG=1",
					"$(inherited)",
				);
				GCC_WARN_64_TO_32_BIT_CONVERSION = YES;
				GCC_WARN_ABOUT_RETURN_TYPE = YES_ERROR;
				GCC_WARN_UNDECLARED_SELECTOR = YES;
				GCC_WARN_UNINITIALIZED_AUTOS = YES_AGGRESSIVE;
				GCC_WARN_UNUSED_FUNCTION = YES;
				GCC_WARN_UNUSED_VARIABLE = YES;
				IPHONEOS_DEPLOYMENT_TARGET = 14.2;
				MTL_ENABLE_DEBUG_INFO = INCLUDE_SOURCE;
				MTL_FAST_MATH = YES;
				ONLY_ACTIVE_ARCH = YES;
				SDKROOT = iphoneos;
				SWIFT_ACTIVE_COMPILATION_CONDITIONS = DEBUG;
				SWIFT_OPTIMIZATION_LEVEL = "-Onone";
			};
			name = Debug;
		};
		B5BA421E25869BF7007FC720 /* Release */ = {
			isa = XCBuildConfiguration;
			buildSettings = {
				ALWAYS_SEARCH_USER_PATHS = NO;
				CLANG_ANALYZER_NONNULL = YES;
				CLANG_ANALYZER_NUMBER_OBJECT_CONVERSION = YES_AGGRESSIVE;
				CLANG_CXX_LANGUAGE_STANDARD = "gnu++14";
				CLANG_CXX_LIBRARY = "libc++";
				CLANG_ENABLE_MODULES = YES;
				CLANG_ENABLE_OBJC_ARC = YES;
				CLANG_ENABLE_OBJC_WEAK = YES;
				CLANG_WARN_BLOCK_CAPTURE_AUTORELEASING = YES;
				CLANG_WARN_BOOL_CONVERSION = YES;
				CLANG_WARN_COMMA = YES;
				CLANG_WARN_CONSTANT_CONVERSION = YES;
				CLANG_WARN_DEPRECATED_OBJC_IMPLEMENTATIONS = YES;
				CLANG_WARN_DIRECT_OBJC_ISA_USAGE = YES_ERROR;
				CLANG_WARN_DOCUMENTATION_COMMENTS = YES;
				CLANG_WARN_EMPTY_BODY = YES;
				CLANG_WARN_ENUM_CONVERSION = YES;
				CLANG_WARN_INFINITE_RECURSION = YES;
				CLANG_WARN_INT_CONVERSION = YES;
				CLANG_WARN_NON_LITERAL_NULL_CONVERSION = YES;
				CLANG_WARN_OBJC_IMPLICIT_RETAIN_SELF = YES;
				CLANG_WARN_OBJC_LITERAL_CONVERSION = YES;
				CLANG_WARN_OBJC_ROOT_CLASS = YES_ERROR;
				CLANG_WARN_QUOTED_INCLUDE_IN_FRAMEWORK_HEADER = YES;
				CLANG_WARN_RANGE_LOOP_ANALYSIS = YES;
				CLANG_WARN_STRICT_PROTOTYPES = YES;
				CLANG_WARN_SUSPICIOUS_MOVE = YES;
				CLANG_WARN_UNGUARDED_AVAILABILITY = YES_AGGRESSIVE;
				CLANG_WARN_UNREACHABLE_CODE = YES;
				CLANG_WARN__DUPLICATE_METHOD_MATCH = YES;
				COPY_PHASE_STRIP = NO;
				DEBUG_INFORMATION_FORMAT = "dwarf-with-dsym";
				ENABLE_NS_ASSERTIONS = NO;
				ENABLE_STRICT_OBJC_MSGSEND = YES;
				GCC_C_LANGUAGE_STANDARD = gnu11;
				GCC_NO_COMMON_BLOCKS = YES;
				GCC_WARN_64_TO_32_BIT_CONVERSION = YES;
				GCC_WARN_ABOUT_RETURN_TYPE = YES_ERROR;
				GCC_WARN_UNDECLARED_SELECTOR = YES;
				GCC_WARN_UNINITIALIZED_AUTOS = YES_AGGRESSIVE;
				GCC_WARN_UNUSED_FUNCTION = YES;
				GCC_WARN_UNUSED_VARIABLE = YES;
				IPHONEOS_DEPLOYMENT_TARGET = 14.2;
				MTL_ENABLE_DEBUG_INFO = NO;
				MTL_FAST_MATH = YES;
				SDKROOT = iphoneos;
				SWIFT_COMPILATION_MODE = wholemodule;
				SWIFT_OPTIMIZATION_LEVEL = "-O";
				VALIDATE_PRODUCT = YES;
			};
			name = Release;
		};
		B5BA422025869BF7007FC720 /* Debug */ = {
			isa = XCBuildConfiguration;
			buildSettings = {
				ASSETCATALOG_COMPILER_APPICON_NAME = AppIcon;
				ASSETCATALOG_COMPILER_GLOBAL_ACCENT_COLOR_NAME = AccentColor;
				CODE_SIGN_STYLE = Automatic;
				DEVELOPMENT_TEAM = 7VMSCTXRKL;
				INFOPLIST_FILE = Costey/Info.plist;
				LD_RUNPATH_SEARCH_PATHS = (
					"$(inherited)",
					"@executable_path/Frameworks",
				);
				PRODUCT_BUNDLE_IDENTIFIER = com.vdmclcv.Costey;
				PRODUCT_NAME = "$(TARGET_NAME)";
				SWIFT_VERSION = 5.0;
				TARGETED_DEVICE_FAMILY = 1;
			};
			name = Debug;
		};
		B5BA422125869BF7007FC720 /* Release */ = {
			isa = XCBuildConfiguration;
			buildSettings = {
				ASSETCATALOG_COMPILER_APPICON_NAME = AppIcon;
				ASSETCATALOG_COMPILER_GLOBAL_ACCENT_COLOR_NAME = AccentColor;
				CODE_SIGN_STYLE = Automatic;
				DEVELOPMENT_TEAM = 7VMSCTXRKL;
				INFOPLIST_FILE = Costey/Info.plist;
				LD_RUNPATH_SEARCH_PATHS = (
					"$(inherited)",
					"@executable_path/Frameworks",
				);
				PRODUCT_BUNDLE_IDENTIFIER = com.vdmclcv.Costey;
				PRODUCT_NAME = "$(TARGET_NAME)";
				SWIFT_VERSION = 5.0;
				TARGETED_DEVICE_FAMILY = 1;
			};
			name = Release;
		};
/* End XCBuildConfiguration section */

/* Begin XCConfigurationList section */
		B5BA420625869BF2007FC720 /* Build configuration list for PBXProject "Costey" */ = {
			isa = XCConfigurationList;
			buildConfigurations = (
				B5BA421D25869BF7007FC720 /* Debug */,
				B5BA421E25869BF7007FC720 /* Release */,
			);
			defaultConfigurationIsVisible = 0;
			defaultConfigurationName = Release;
		};
		B5BA421F25869BF7007FC720 /* Build configuration list for PBXNativeTarget "Costey" */ = {
			isa = XCConfigurationList;
			buildConfigurations = (
				B5BA422025869BF7007FC720 /* Debug */,
				B5BA422125869BF7007FC720 /* Release */,
			);
			defaultConfigurationIsVisible = 0;
			defaultConfigurationName = Release;
		};
/* End XCConfigurationList section */
	};
	rootObject = B5BA420325869BF2007FC720 /* Project object */;
}
